PODS:
  - Alamofire (4.9.1)
  - SnapKit (4.2.0)
  - SwiftyJSON (5.0.0)

DEPENDENCIES:
  - Alamofire
  - SnapKit
  - SwiftyJSON

SPEC REPOS:
  https://cdn.cocoapods.org/:
    - Alamofire
    - SnapKit
    - SwiftyJSON

SPEC CHECKSUMS:
  Alamofire: 85e8a02c69d6020a0d734f6054870d7ecb75cf18
  SnapKit: fe8a619752f3f27075cc9a90244d75c6c3f27e2a
  SwiftyJSON: 36413e04c44ee145039d332b4f4e2d3e8d6c4db7

PODFILE CHECKSUM: 2d7ca04edf3c75d8185d0f340433dfbb97af7cac

COCOAPODS: 1.10.1
