// !$*UTF8*$!
{
	archiveVersion = 1;
	classes = {
	};
	objectVersion = 52;
	objects = {

/* Begin PBXBuildFile section */
		501957812604B00C000A2445 /* AppDelegate.swift in Sources */ = {isa = PBXBuildFile; fileRef = 501957802604B00C000A2445 /* AppDelegate.swift */; };
		501957832604B00C000A2445 /* SceneDelegate.swift in Sources */ = {isa = PBXBuildFile; fileRef = 501957822604B00C000A2445 /* SceneDelegate.swift */; };
		501957852604B00C000A2445 /* ViewController.swift in Sources */ = {isa = PBXBuildFile; fileRef = 501957842604B00C000A2445 /* ViewController.swift */; };
		501957882604B00C000A2445 /* Main.storyboard in Resources */ = {isa = PBXBuildFile; fileRef = 501957862604B00C000A2445 /* Main.storyboard */; };
		5019578A2604B00D000A2445 /* Assets.xcassets in Resources */ = {isa = PBXBuildFile; fileRef = 501957892604B00D000A2445 /* Assets.xcassets */; };
		5019578D2604B00D000A2445 /* LaunchScreen.storyboard in Resources */ = {isa = PBXBuildFile; fileRef = 5019578B2604B00D000A2445 /* LaunchScreen.storyboard */; };
		5019579B2604D576000A2445 /* RegisterVC.swift in Sources */ = {isa = PBXBuildFile; fileRef = 5019579A2604D576000A2445 /* RegisterVC.swift */; };
		501957A42605CDC3000A2445 /* LoginVC.swift in Sources */ = {isa = PBXBuildFile; fileRef = 501957A32605CDC3000A2445 /* LoginVC.swift */; };
		50E4D3A8260ADB71004454D1 /* Alamofire in Frameworks */ = {isa = PBXBuildFile; productRef = 50E4D3A7260ADB71004454D1 /* Alamofire */; };
		EC5E43598BF1796A7FA8F000 /* libPods-Storyboard_demo.a in Frameworks */ = {isa = PBXBuildFile; fileRef = 3C6C655CA90D5142480F241F /* libPods-Storyboard_demo.a */; };
/* End PBXBuildFile section */

/* Begin PBXFileReference section */
		01245730C89CEE7B55D27DBF /* Pods-Storyboard_demo.release.xcconfig */ = {isa = PBXFileReference; includeInIndex = 1; lastKnownFileType = text.xcconfig; name = "Pods-Storyboard_demo.release.xcconfig"; path = "Target Support Files/Pods-Storyboard_demo/Pods-Storyboard_demo.release.xcconfig"; sourceTree = "<group>"; };
		3C6C655CA90D5142480F241F /* libPods-Storyboard_demo.a */ = {isa = PBXFileReference; explicitFileType = archive.ar; includeInIndex = 0; path = "libPods-Storyboard_demo.a"; sourceTree = BUILT_PRODUCTS_DIR; };
		5019577D2604B00C000A2445 /* Storyboard_demo.app */ = {isa = PBXFileReference; explicitFileType = wrapper.application; includeInIndex = 0; path = Storyboard_demo.app; sourceTree = BUILT_PRODUCTS_DIR; };
		501957802604B00C000A2445 /* AppDelegate.swift */ = {isa = PBXFileReference; lastKnownFileType = sourcecode.swift; path = AppDelegate.swift; sourceTree = "<group>"; };
		501957822604B00C000A2445 /* SceneDelegate.swift */ = {isa = PBXFileReference; lastKnownFileType = sourcecode.swift; path = SceneDelegate.swift; sourceTree = "<group>"; };
		501957842604B00C000A2445 /* ViewController.swift */ = {isa = PBXFileReference; lastKnownFileType = sourcecode.swift; path = ViewController.swift; sourceTree = "<group>"; };
		501957872604B00C000A2445 /* Base */ = {isa = PBXFileReference; lastKnownFileType = file.storyboard; name = Base; path = Base.lproj/Main.storyboard; sourceTree = "<group>"; };
		501957892604B00D000A2445 /* Assets.xcassets */ = {isa = PBXFileReference; lastKnownFileType = folder.assetcatalog; path = Assets.xcassets; sourceTree = "<group>"; };
		5019578C2604B00D000A2445 /* Base */ = {isa = PBXFileReference; lastKnownFileType = file.storyboard; name = Base; path = Base.lproj/LaunchScreen.storyboard; sourceTree = "<group>"; };
		5019578E2604B00D000A2445 /* Info.plist */ = {isa = PBXFileReference; lastKnownFileType = text.plist.xml; path = Info.plist; sourceTree = "<group>"; };
		5019579A2604D576000A2445 /* RegisterVC.swift */ = {isa = PBXFileReference; lastKnownFileType = sourcecode.swift; path = RegisterVC.swift; sourceTree = "<group>"; };
		501957A32605CDC3000A2445 /* LoginVC.swift */ = {isa = PBXFileReference; lastKnownFileType = sourcecode.swift; path = LoginVC.swift; sourceTree = "<group>"; };
		777C11DF47D36D1EDFE0E017 /* Pods-Storyboard_demo.debug.xcconfig */ = {isa = PBXFileReference; includeInIndex = 1; lastKnownFileType = text.xcconfig; name = "Pods-Storyboard_demo.debug.xcconfig"; path = "Target Support Files/Pods-Storyboard_demo/Pods-Storyboard_demo.debug.xcconfig"; sourceTree = "<group>"; };
/* End PBXFileReference section */

/* Begin PBXFrameworksBuildPhase section */
		5019577A2604B00C000A2445 /* Frameworks */ = {
			isa = PBXFrameworksBuildPhase;
			buildActionMask = 2147483647;
			files = (
				EC5E43598BF1796A7FA8F000 /* libPods-Storyboard_demo.a in Frameworks */,
				50E4D3A8260ADB71004454D1 /* Alamofire in Frameworks */,
			);
			runOnlyForDeploymentPostprocessing = 0;
		};
/* End PBXFrameworksBuildPhase section */

/* Begin PBXGroup section */
		501957742604B00C000A2445 = {
			isa = PBXGroup;
			children = (
				5019577F2604B00C000A2445 /* Storyboard_demo */,
				5019577E2604B00C000A2445 /* Products */,
				A883F08B5F01D7DCA9BFC63B /* Pods */,
				9BB9AF8152ADE84EB3A0003B /* Frameworks */,
			);
			sourceTree = "<group>";
		};
		5019577E2604B00C000A2445 /* Products */ = {
			isa = PBXGroup;
			children = (
				5019577D2604B00C000A2445 /* Storyboard_demo.app */,
			);
			name = Products;
			sourceTree = "<group>";
		};
		5019577F2604B00C000A2445 /* Storyboard_demo */ = {
			isa = PBXGroup;
			children = (
				501957802604B00C000A2445 /* AppDelegate.swift */,
				501957822604B00C000A2445 /* SceneDelegate.swift */,
				501957842604B00C000A2445 /* ViewController.swift */,
				501957862604B00C000A2445 /* Main.storyboard */,
				501957892604B00D000A2445 /* Assets.xcassets */,
				5019578B2604B00D000A2445 /* LaunchScreen.storyboard */,
				5019578E2604B00D000A2445 /* Info.plist */,
				5019579A2604D576000A2445 /* RegisterVC.swift */,
				501957A32605CDC3000A2445 /* LoginVC.swift */,
			);
			path = Storyboard_demo;
			sourceTree = "<group>";
		};
		9BB9AF8152ADE84EB3A0003B /* Frameworks */ = {
			isa = PBXGroup;
			children = (
				3C6C655CA90D5142480F241F /* libPods-Storyboard_demo.a */,
			);
			name = Frameworks;
			sourceTree = "<group>";
		};
		A883F08B5F01D7DCA9BFC63B /* Pods */ = {
			isa = PBXGroup;
			children = (
				777C11DF47D36D1EDFE0E017 /* Pods-Storyboard_demo.debug.xcconfig */,
				01245730C89CEE7B55D27DBF /* Pods-Storyboard_demo.release.xcconfig */,
			);
			path = Pods;
			sourceTree = "<group>";
		};
/* End PBXGroup section */

/* Begin PBXNativeTarget section */
		5019577C2604B00C000A2445 /* Storyboard_demo */ = {
			isa = PBXNativeTarget;
			buildConfigurationList = 501957912604B00D000A2445 /* Build configuration list for PBXNativeTarget "Storyboard_demo" */;
			buildPhases = (
				7D4F9C8A3BB57D5E1D23E846 /* [CP] Check Pods Manifest.lock */,
				501957792604B00C000A2445 /* Sources */,
				5019577A2604B00C000A2445 /* Frameworks */,
				5019577B2604B00C000A2445 /* Resources */,
			);
			buildRules = (
			);
			dependencies = (
			);
			name = Storyboard_demo;
			packageProductDependencies = (
				50E4D3A7260ADB71004454D1 /* Alamofire */,
			);
			productName = Storyboard_demo;
			productReference = 5019577D2604B00C000A2445 /* Storyboard_demo.app */;
			productType = "com.apple.product-type.application";
		};
/* End PBXNativeTarget section */

/* Begin PBXProject section */
		501957752604B00C000A2445 /* Project object */ = {
			isa = PBXProject;
			attributes = {
				LastSwiftUpdateCheck = 1220;
				LastUpgradeCheck = 1220;
				TargetAttributes = {
					5019577C2604B00C000A2445 = {
						CreatedOnToolsVersion = 12.2;
					};
				};
			};
			buildConfigurationList = 501957782604B00C000A2445 /* Build configuration list for PBXProject "Storyboard_demo" */;
			compatibilityVersion = "Xcode 9.3";
			developmentRegion = en;
			hasScannedForEncodings = 0;
			knownRegions = (
				en,
				Base,
			);
			mainGroup = 501957742604B00C000A2445;
			packageReferences = (
				50E4D3A6260ADB71004454D1 /* XCRemoteSwiftPackageReference "Alamofire" */,
			);
			productRefGroup = 5019577E2604B00C000A2445 /* Products */;
			projectDirPath = "";
			projectRoot = "";
			targets = (
				5019577C2604B00C000A2445 /* Storyboard_demo */,
			);
		};
/* End PBXProject section */

/* Begin PBXResourcesBuildPhase section */
		5019577B2604B00C000A2445 /* Resources */ = {
			isa = PBXResourcesBuildPhase;
			buildActionMask = 2147483647;
			files = (
				5019578D2604B00D000A2445 /* LaunchScreen.storyboard in Resources */,
				5019578A2604B00D000A2445 /* Assets.xcassets in Resources */,
				501957882604B00C000A2445 /* Main.storyboard in Resources */,
			);
			runOnlyForDeploymentPostprocessing = 0;
		};
/* End PBXResourcesBuildPhase section */

/* Begin PBXShellScriptBuildPhase section */
		7D4F9C8A3BB57D5E1D23E846 /* [CP] Check Pods Manifest.lock */ = {
			isa = PBXShellScriptBuildPhase;
			buildActionMask = 2147483647;
			files = (
			);
			inputFileListPaths = (
			);
			inputPaths = (
				"${PODS_PODFILE_DIR_PATH}/Podfile.lock",
				"${PODS_ROOT}/Manifest.lock",
			);
			name = "[CP] Check Pods Manifest.lock";
			outputFileListPaths = (
			);
			outputPaths = (
				"$(DERIVED_FILE_DIR)/Pods-Storyboard_demo-checkManifestLockResult.txt",
			);
			runOnlyForDeploymentPostprocessing = 0;
			shellPath = /bin/sh;
			shellScript = "diff \"${PODS_PODFILE_DIR_PATH}/Podfile.lock\" \"${PODS_ROOT}/Manifest.lock\" > /dev/null\nif [ $? != 0 ] ; then\n    # print error to STDERR\n    echo \"error: The sandbox is not in sync with the Podfile.lock. Run 'pod install' or update your CocoaPods installation.\" >&2\n    exit 1\nfi\n# This output is used by Xcode 'outputs' to avoid re-running this script phase.\necho \"SUCCESS\" > \"${SCRIPT_OUTPUT_FILE_0}\"\n";
			showEnvVarsInLog = 0;
		};
/* End PBXShellScriptBuildPhase section */

/* Begin PBXSourcesBuildPhase section */
		501957792604B00C000A2445 /* Sources */ = {
			isa = PBXSourcesBuildPhase;
			buildActionMask = 2147483647;
			files = (
				501957852604B00C000A2445 /* ViewController.swift in Sources */,
				5019579B2604D576000A2445 /* RegisterVC.swift in Sources */,
				501957812604B00C000A2445 /* AppDelegate.swift in Sources */,
				501957832604B00C000A2445 /* SceneDelegate.swift in Sources */,
				501957A42605CDC3000A2445 /* LoginVC.swift in Sources */,
			);
			runOnlyForDeploymentPostprocessing = 0;
		};
/* End PBXSourcesBuildPhase section */

/* Begin PBXVariantGroup section */
		501957862604B00C000A2445 /* Main.storyboard */ = {
			isa = PBXVariantGroup;
			children = (
				501957872604B00C000A2445 /* Base */,
			);
			name = Main.storyboard;
			sourceTree = "<group>";
		};
		5019578B2604B00D000A2445 /* LaunchScreen.storyboard */ = {
			isa = PBXVariantGroup;
			children = (
				5019578C2604B00D000A2445 /* Base */,
			);
			name = LaunchScreen.storyboard;
			sourceTree = "<group>";
		};
/* End PBXVariantGroup section */

/* Begin XCBuildConfiguration section */
		5019578F2604B00D000A2445 /* Debug */ = {
			isa = XCBuildConfiguration;
			buildSettings = {
				ALWAYS_SEARCH_USER_PATHS = NO;
				CLANG_ANALYZER_NONNULL = YES;
				CLANG_ANALYZER_NUMBER_OBJECT_CONVERSION = YES_AGGRESSIVE;
				CLANG_CXX_LANGUAGE_STANDARD = "gnu++14";
				CLANG_CXX_LIBRARY = "libc++";
				CLANG_ENABLE_MODULES = YES;
				CLANG_ENABLE_OBJC_ARC = YES;
				CLANG_ENABLE_OBJC_WEAK = YES;
				CLANG_WARN_BLOCK_CAPTURE_AUTORELEASING = YES;
				CLANG_WARN_BOOL_CONVERSION = YES;
				CLANG_WARN_COMMA = YES;
				CLANG_WARN_CONSTANT_CONVERSION = YES;
				CLANG_WARN_DEPRECATED_OBJC_IMPLEMENTATIONS = YES;
				CLANG_WARN_DIRECT_OBJC_ISA_USAGE = YES_ERROR;
				CLANG_WARN_DOCUMENTATION_COMMENTS = YES;
				CLANG_WARN_EMPTY_BODY = YES;
				CLANG_WARN_ENUM_CONVERSION = YES;
				CLANG_WARN_INFINITE_RECURSION = YES;
				CLANG_WARN_INT_CONVERSION = YES;
				CLANG_WARN_NON_LITERAL_NULL_CONVERSION = YES;
				CLANG_WARN_OBJC_IMPLICIT_RETAIN_SELF = YES;
				CLANG_WARN_OBJC_LITERAL_CONVERSION = YES;
				CLANG_WARN_OBJC_ROOT_CLASS = YES_ERROR;
				CLANG_WARN_QUOTED_INCLUDE_IN_FRAMEWORK_HEADER = YES;
				CLANG_WARN_RANGE_LOOP_ANALYSIS = YES;
				CLANG_WARN_STRICT_PROTOTYPES = YES;
				CLANG_WARN_SUSPICIOUS_MOVE = YES;
				CLANG_WARN_UNGUARDED_AVAILABILITY = YES_AGGRESSIVE;
				CLANG_WARN_UNREACHABLE_CODE = YES;
				CLANG_WARN__DUPLICATE_METHOD_MATCH = YES;
				COPY_PHASE_STRIP = NO;
				DEBUG_INFORMATION_FORMAT = dwarf;
				ENABLE_STRICT_OBJC_MSGSEND = YES;
				ENABLE_TESTABILITY = YES;
				GCC_C_LANGUAGE_STANDARD = gnu11;
				GCC_DYNAMIC_NO_PIC = NO;
				GCC_NO_COMMON_BLOCKS = YES;
				GCC_OPTIMIZATION_LEVEL = 0;
				GCC_PREPROCESSOR_DEFINITIONS = (
					"DEBUG=1",
					"$(inherited)",
				);
				GCC_WARN_64_TO_32_BIT_CONVERSION = YES;
				GCC_WARN_ABOUT_RETURN_TYPE = YES_ERROR;
				GCC_WARN_UNDECLARED_SELECTOR = YES;
				GCC_WARN_UNINITIALIZED_AUTOS = YES_AGGRESSIVE;
				GCC_WARN_UNUSED_FUNCTION = YES;
				GCC_WARN_UNUSED_VARIABLE = YES;
				IPHONEOS_DEPLOYMENT_TARGET = 14.2;
				MTL_ENABLE_DEBUG_INFO = INCLUDE_SOURCE;
				MTL_FAST_MATH = YES;
				ONLY_ACTIVE_ARCH = YES;
				SDKROOT = iphoneos;
				SWIFT_ACTIVE_COMPILATION_CONDITIONS = DEBUG;
				SWIFT_OPTIMIZATION_LEVEL = "-Onone";
			};
			name = Debug;
		};
		501957902604B00D000A2445 /* Release */ = {
			isa = XCBuildConfiguration;
			buildSettings = {
				ALWAYS_SEARCH_USER_PATHS = NO;
				CLANG_ANALYZER_NONNULL = YES;
				CLANG_ANALYZER_NUMBER_OBJECT_CONVERSION = YES_AGGRESSIVE;
				CLANG_CXX_LANGUAGE_STANDARD = "gnu++14";
				CLANG_CXX_LIBRARY = "libc++";
				CLANG_ENABLE_MODULES = YES;
				CLANG_ENABLE_OBJC_ARC = YES;
				CLANG_ENABLE_OBJC_WEAK = YES;
				CLANG_WARN_BLOCK_CAPTURE_AUTORELEASING = YES;
				CLANG_WARN_BOOL_CONVERSION = YES;
				CLANG_WARN_COMMA = YES;
				CLANG_WARN_CONSTANT_CONVERSION = YES;
				CLANG_WARN_DEPRECATED_OBJC_IMPLEMENTATIONS = YES;
				CLANG_WARN_DIRECT_OBJC_ISA_USAGE = YES_ERROR;
				CLANG_WARN_DOCUMENTATION_COMMENTS = YES;
				CLANG_WARN_EMPTY_BODY = YES;
				CLANG_WARN_ENUM_CONVERSION = YES;
				CLANG_WARN_INFINITE_RECURSION = YES;
				CLANG_WARN_INT_CONVERSION = YES;
				CLANG_WARN_NON_LITERAL_NULL_CONVERSION = YES;
				CLANG_WARN_OBJC_IMPLICIT_RETAIN_SELF = YES;
				CLANG_WARN_OBJC_LITERAL_CONVERSION = YES;
				CLANG_WARN_OBJC_ROOT_CLASS = YES_ERROR;
				CLANG_WARN_QUOTED_INCLUDE_IN_FRAMEWORK_HEADER = YES;
				CLANG_WARN_RANGE_LOOP_ANALYSIS = YES;
				CLANG_WARN_STRICT_PROTOTYPES = YES;
				CLANG_WARN_SUSPICIOUS_MOVE = YES;
				CLANG_WARN_UNGUARDED_AVAILABILITY = YES_AGGRESSIVE;
				CLANG_WARN_UNREACHABLE_CODE = YES;
				CLANG_WARN__DUPLICATE_METHOD_MATCH = YES;
				COPY_PHASE_STRIP = NO;
				DEBUG_INFORMATION_FORMAT = "dwarf-with-dsym";
				ENABLE_NS_ASSERTIONS = NO;
				ENABLE_STRICT_OBJC_MSGSEND = YES;
				GCC_C_LANGUAGE_STANDARD = gnu11;
				GCC_NO_COMMON_BLOCKS = YES;
				GCC_WARN_64_TO_32_BIT_CONVERSION = YES;
				GCC_WARN_ABOUT_RETURN_TYPE = YES_ERROR;
				GCC_WARN_UNDECLARED_SELECTOR = YES;
				GCC_WARN_UNINITIALIZED_AUTOS = YES_AGGRESSIVE;
				GCC_WARN_UNUSED_FUNCTION = YES;
				GCC_WARN_UNUSED_VARIABLE = YES;
				IPHONEOS_DEPLOYMENT_TARGET = 14.2;
				MTL_ENABLE_DEBUG_INFO = NO;
				MTL_FAST_MATH = YES;
				SDKROOT = iphoneos;
				SWIFT_COMPILATION_MODE = wholemodule;
				SWIFT_OPTIMIZATION_LEVEL = "-O";
				VALIDATE_PRODUCT = YES;
			};
			name = Release;
		};
		501957922604B00D000A2445 /* Debug */ = {
			isa = XCBuildConfiguration;
			baseConfigurationReference = 777C11DF47D36D1EDFE0E017 /* Pods-Storyboard_demo.debug.xcconfig */;
			buildSettings = {
				ASSETCATALOG_COMPILER_APPICON_NAME = AppIcon;
				ASSETCATALOG_COMPILER_GLOBAL_ACCENT_COLOR_NAME = AccentColor;
				CODE_SIGN_STYLE = Automatic;
				INFOPLIST_FILE = Storyboard_demo/Info.plist;
				LD_RUNPATH_SEARCH_PATHS = (
					"$(inherited)",
					"@executable_path/Frameworks",
				);
				PRODUCT_BUNDLE_IDENTIFIER = "com.linggan.test.Storyboard-demo";
				PRODUCT_NAME = "$(TARGET_NAME)";
				SWIFT_VERSION = 5.0;
				TARGETED_DEVICE_FAMILY = "1,2";
			};
			name = Debug;
		};
		501957932604B00D000A2445 /* Release */ = {
			isa = XCBuildConfiguration;
			baseConfigurationReference = 01245730C89CEE7B55D27DBF /* Pods-Storyboard_demo.release.xcconfig */;
			buildSettings = {
				ASSETCATALOG_COMPILER_APPICON_NAME = AppIcon;
				ASSETCATALOG_COMPILER_GLOBAL_ACCENT_COLOR_NAME = AccentColor;
				CODE_SIGN_STYLE = Automatic;
				INFOPLIST_FILE = Storyboard_demo/Info.plist;
				LD_RUNPATH_SEARCH_PATHS = (
					"$(inherited)",
					"@executable_path/Frameworks",
				);
				PRODUCT_BUNDLE_IDENTIFIER = "com.linggan.test.Storyboard-demo";
				PRODUCT_NAME = "$(TARGET_NAME)";
				SWIFT_VERSION = 5.0;
				TARGETED_DEVICE_FAMILY = "1,2";
			};
			name = Release;
		};
/* End XCBuildConfiguration section */

/* Begin XCConfigurationList section */
		501957782604B00C000A2445 /* Build configuration list for PBXProject "Storyboard_demo" */ = {
			isa = XCConfigurationList;
			buildConfigurations = (
				5019578F2604B00D000A2445 /* Debug */,
				501957902604B00D000A2445 /* Release */,
			);
			defaultConfigurationIsVisible = 0;
			defaultConfigurationName = Release;
		};
		501957912604B00D000A2445 /* Build configuration list for PBXNativeTarget "Storyboard_demo" */ = {
			isa = XCConfigurationList;
			buildConfigurations = (
				501957922604B00D000A2445 /* Debug */,
				501957932604B00D000A2445 /* Release */,
			);
			defaultConfigurationIsVisible = 0;
			defaultConfigurationName = Release;
		};
/* End XCConfigurationList section */

/* Begin XCRemoteSwiftPackageReference section */
		50E4D3A6260ADB71004454D1 /* XCRemoteSwiftPackageReference "Alamofire" */ = {
			isa = XCRemoteSwiftPackageReference;
			repositoryURL = "https://github.com/Alamofire/Alamofire/";
			requirement = {
				kind = upToNextMajorVersion;
				minimumVersion = 5.4.1;
			};
		};
/* End XCRemoteSwiftPackageReference section */

/* Begin XCSwiftPackageProductDependency section */
		50E4D3A7260ADB71004454D1 /* Alamofire */ = {
			isa = XCSwiftPackageProductDependency;
			package = 50E4D3A6260ADB71004454D1 /* XCRemoteSwiftPackageReference "Alamofire" */;
			productName = Alamofire;
		};
/* End XCSwiftPackageProductDependency section */
	};
	rootObject = 501957752604B00C000A2445 /* Project object */;
}
